// !$*UTF8*$!
{
	archiveVersion = 1;
	classes = {
	};
	objectVersion = 77;
	objects = {

/* Begin PBXBuildFile section */
		3CDA52F42CF8EDC3009CAB20 /* SpeedSense Watch App.app in Embed Watch Content */ = {isa = PBXBuildFile; fileRef = 3CDA52F32CF8EDC3009CAB20 /* SpeedSense Watch App.app */; settings = {ATTRIBUTES = (RemoveHeadersOnCopy, ); }; };
/* End PBXBuildFile section */

/* Begin PBXContainerItemProxy section */
		3CDA52F52CF8EDC3009CAB20 /* PBXContainerItemProxy */ = {
			isa = PBXContainerItemProxy;
			containerPortal = 3CDA52E72CF8EDC3009CAB20 /* Project object */;
			proxyType = 1;
			remoteGlobalIDString = 3CDA52F22CF8EDC3009CAB20;
			remoteInfo = "SpeedSense Watch App";
		};
		3CDA53062CF8EDC4009CAB20 /* PBXContainerItemProxy */ = {
			isa = PBXContainerItemProxy;
			containerPortal = 3CDA52E72CF8EDC3009CAB20 /* Project object */;
			proxyType = 1;
			remoteGlobalIDString = 3CDA52F22CF8EDC3009CAB20;
			remoteInfo = "SpeedSense Watch App";
		};
		3CDA53102CF8EDC4009CAB20 /* PBXContainerItemProxy */ = {
			isa = PBXContainerItemProxy;
			containerPortal = 3CDA52E72CF8EDC3009CAB20 /* Project object */;
			proxyType = 1;
			remoteGlobalIDString = 3CDA52F22CF8EDC3009CAB20;
			remoteInfo = "SpeedSense Watch App";
		};
/* End PBXContainerItemProxy section */

/* Begin PBXCopyFilesBuildPhase section */
		3CDA531C2CF8EDC4009CAB20 /* Embed Watch Content */ = {
			isa = PBXCopyFilesBuildPhase;
			buildActionMask = 2147483647;
			dstPath = "$(CONTENTS_FOLDER_PATH)/Watch";
			dstSubfolderSpec = 16;
			files = (
				3CDA52F42CF8EDC3009CAB20 /* SpeedSense Watch App.app in Embed Watch Content */,
			);
			name = "Embed Watch Content";
			runOnlyForDeploymentPostprocessing = 0;
		};
/* End PBXCopyFilesBuildPhase section */

/* Begin PBXFileReference section */
		3CDA52ED2CF8EDC3009CAB20 /* SpeedSense.app */ = {isa = PBXFileReference; explicitFileType = wrapper.application; includeInIndex = 0; path = SpeedSense.app; sourceTree = BUILT_PRODUCTS_DIR; };
		3CDA52F32CF8EDC3009CAB20 /* SpeedSense Watch App.app */ = {isa = PBXFileReference; explicitFileType = wrapper.application; includeInIndex = 0; path = "SpeedSense Watch App.app"; sourceTree = BUILT_PRODUCTS_DIR; };
		3CDA53052CF8EDC4009CAB20 /* SpeedSense Watch AppTests.xctest */ = {isa = PBXFileReference; explicitFileType = wrapper.cfbundle; includeInIndex = 0; path = "SpeedSense Watch AppTests.xctest"; sourceTree = BUILT_PRODUCTS_DIR; };
		3CDA530F2CF8EDC4009CAB20 /* SpeedSense Watch AppUITests.xctest */ = {isa = PBXFileReference; explicitFileType = wrapper.cfbundle; includeInIndex = 0; path = "SpeedSense Watch AppUITests.xctest"; sourceTree = BUILT_PRODUCTS_DIR; };
/* End PBXFileReference section */

/* Begin PBXFileSystemSynchronizedRootGroup section */
		3CDA52F72CF8EDC3009CAB20 /* SpeedSense Watch App */ = {
			isa = PBXFileSystemSynchronizedRootGroup;
			path = "SpeedSense Watch App";
			sourceTree = "<group>";
		};
		3CDA53082CF8EDC4009CAB20 /* SpeedSense Watch AppTests */ = {
			isa = PBXFileSystemSynchronizedRootGroup;
			path = "SpeedSense Watch AppTests";
			sourceTree = "<group>";
		};
		3CDA53122CF8EDC4009CAB20 /* SpeedSense Watch AppUITests */ = {
			isa = PBXFileSystemSynchronizedRootGroup;
			path = "SpeedSense Watch AppUITests";
			sourceTree = "<group>";
		};
/* End PBXFileSystemSynchronizedRootGroup section */

/* Begin PBXFrameworksBuildPhase section */
		3CDA52F02CF8EDC3009CAB20 /* Frameworks */ = {
			isa = PBXFrameworksBuildPhase;
			buildActionMask = 2147483647;
			files = (
			);
			runOnlyForDeploymentPostprocessing = 0;
		};
		3CDA53022CF8EDC4009CAB20 /* Frameworks */ = {
			isa = PBXFrameworksBuildPhase;
			buildActionMask = 2147483647;
			files = (
			);
			runOnlyForDeploymentPostprocessing = 0;
		};
		3CDA530C2CF8EDC4009CAB20 /* Frameworks */ = {
			isa = PBXFrameworksBuildPhase;
			buildActionMask = 2147483647;
			files = (
			);
			runOnlyForDeploymentPostprocessing = 0;
		};
/* End PBXFrameworksBuildPhase section */

/* Begin PBXGroup section */
		3CDA52E62CF8EDC3009CAB20 = {
			isa = PBXGroup;
			children = (
				3CDA52F72CF8EDC3009CAB20 /* SpeedSense Watch App */,
				3CDA53082CF8EDC4009CAB20 /* SpeedSense Watch AppTests */,
				3CDA53122CF8EDC4009CAB20 /* SpeedSense Watch AppUITests */,
				3CDA52EE2CF8EDC3009CAB20 /* Products */,
			);
			sourceTree = "<group>";
		};
		3CDA52EE2CF8EDC3009CAB20 /* Products */ = {
			isa = PBXGroup;
			children = (
				3CDA52ED2CF8EDC3009CAB20 /* SpeedSense.app */,
				3CDA52F32CF8EDC3009CAB20 /* SpeedSense Watch App.app */,
				3CDA53052CF8EDC4009CAB20 /* SpeedSense Watch AppTests.xctest */,
				3CDA530F2CF8EDC4009CAB20 /* SpeedSense Watch AppUITests.xctest */,
			);
			name = Products;
			sourceTree = "<group>";
		};
/* End PBXGroup section */

/* Begin PBXNativeTarget section */
		3CDA52EC2CF8EDC3009CAB20 /* SpeedSense */ = {
			isa = PBXNativeTarget;
			buildConfigurationList = 3CDA531D2CF8EDC4009CAB20 /* Build configuration list for PBXNativeTarget "SpeedSense" */;
			buildPhases = (
				3CDA52EB2CF8EDC3009CAB20 /* Resources */,
				3CDA531C2CF8EDC4009CAB20 /* Embed Watch Content */,
			);
			buildRules = (
			);
			dependencies = (
				3CDA52F62CF8EDC3009CAB20 /* PBXTargetDependency */,
			);
			name = SpeedSense;
			packageProductDependencies = (
			);
			productName = SpeedSense;
			productReference = 3CDA52ED2CF8EDC3009CAB20 /* SpeedSense.app */;
			productType = "com.apple.product-type.application.watchapp2-container";
		};
		3CDA52F22CF8EDC3009CAB20 /* SpeedSense Watch App */ = {
			isa = PBXNativeTarget;
			buildConfigurationList = 3CDA53192CF8EDC4009CAB20 /* Build configuration list for PBXNativeTarget "SpeedSense Watch App" */;
			buildPhases = (
				3CDA52EF2CF8EDC3009CAB20 /* Sources */,
				3CDA52F02CF8EDC3009CAB20 /* Frameworks */,
				3CDA52F12CF8EDC3009CAB20 /* Resources */,
			);
			buildRules = (
			);
			dependencies = (
			);
			fileSystemSynchronizedGroups = (
				3CDA52F72CF8EDC3009CAB20 /* SpeedSense Watch App */,
			);
			name = "SpeedSense Watch App";
			packageProductDependencies = (
			);
			productName = "SpeedSense Watch App";
			productReference = 3CDA52F32CF8EDC3009CAB20 /* SpeedSense Watch App.app */;
			productType = "com.apple.product-type.application";
		};
		3CDA53042CF8EDC4009CAB20 /* SpeedSense Watch AppTests */ = {
			isa = PBXNativeTarget;
			buildConfigurationList = 3CDA53202CF8EDC4009CAB20 /* Build configuration list for PBXNativeTarget "SpeedSense Watch AppTests" */;
			buildPhases = (
				3CDA53012CF8EDC4009CAB20 /* Sources */,
				3CDA53022CF8EDC4009CAB20 /* Frameworks */,
				3CDA53032CF8EDC4009CAB20 /* Resources */,
			);
			buildRules = (
			);
			dependencies = (
				3CDA53072CF8EDC4009CAB20 /* PBXTargetDependency */,
			);
			fileSystemSynchronizedGroups = (
				3CDA53082CF8EDC4009CAB20 /* SpeedSense Watch AppTests */,
			);
			name = "SpeedSense Watch AppTests";
			packageProductDependencies = (
			);
			productName = "SpeedSense Watch AppTests";
			productReference = 3CDA53052CF8EDC4009CAB20 /* SpeedSense Watch AppTests.xctest */;
			productType = "com.apple.product-type.bundle.unit-test";
		};
		3CDA530E2CF8EDC4009CAB20 /* SpeedSense Watch AppUITests */ = {
			isa = PBXNativeTarget;
			buildConfigurationList = 3CDA53232CF8EDC4009CAB20 /* Build configuration list for PBXNativeTarget "SpeedSense Watch AppUITests" */;
			buildPhases = (
				3CDA530B2CF8EDC4009CAB20 /* Sources */,
				3CDA530C2CF8EDC4009CAB20 /* Frameworks */,
				3CDA530D2CF8EDC4009CAB20 /* Resources */,
			);
			buildRules = (
			);
			dependencies = (
				3CDA53112CF8EDC4009CAB20 /* PBXTargetDependency */,
			);
			fileSystemSynchronizedGroups = (
				3CDA53122CF8EDC4009CAB20 /* SpeedSense Watch AppUITests */,
			);
			name = "SpeedSense Watch AppUITests";
			packageProductDependencies = (
			);
			productName = "SpeedSense Watch AppUITests";
			productReference = 3CDA530F2CF8EDC4009CAB20 /* SpeedSense Watch AppUITests.xctest */;
			productType = "com.apple.product-type.bundle.ui-testing";
		};
/* End PBXNativeTarget section */

/* Begin PBXProject section */
		3CDA52E72CF8EDC3009CAB20 /* Project object */ = {
			isa = PBXProject;
			attributes = {
				BuildIndependentTargetsInParallel = 1;
				LastSwiftUpdateCheck = 1610;
				LastUpgradeCheck = 1610;
				TargetAttributes = {
					3CDA52EC2CF8EDC3009CAB20 = {
						CreatedOnToolsVersion = 16.1;
					};
					3CDA52F22CF8EDC3009CAB20 = {
						CreatedOnToolsVersion = 16.1;
					};
					3CDA53042CF8EDC4009CAB20 = {
						CreatedOnToolsVersion = 16.1;
						TestTargetID = 3CDA52F22CF8EDC3009CAB20;
					};
					3CDA530E2CF8EDC4009CAB20 = {
						CreatedOnToolsVersion = 16.1;
						TestTargetID = 3CDA52F22CF8EDC3009CAB20;
					};
				};
			};
			buildConfigurationList = 3CDA52EA2CF8EDC3009CAB20 /* Build configuration list for PBXProject "SpeedSense" */;
			developmentRegion = en;
			hasScannedForEncodings = 0;
			knownRegions = (
				en,
				Base,
			);
			mainGroup = 3CDA52E62CF8EDC3009CAB20;
			minimizedProjectReferenceProxies = 1;
			packageReferences = (
			);
			preferredProjectObjectVersion = 77;
			productRefGroup = 3CDA52EE2CF8EDC3009CAB20 /* Products */;
			projectDirPath = "";
			projectRoot = "";
			targets = (
				3CDA52EC2CF8EDC3009CAB20 /* SpeedSense */,
				3CDA52F22CF8EDC3009CAB20 /* SpeedSense Watch App */,
				3CDA53042CF8EDC4009CAB20 /* SpeedSense Watch AppTests */,
				3CDA530E2CF8EDC4009CAB20 /* SpeedSense Watch AppUITests */,
			);
		};
/* End PBXProject section */

/* Begin PBXResourcesBuildPhase section */
		3CDA52EB2CF8EDC3009CAB20 /* Resources */ = {
			isa = PBXResourcesBuildPhase;
			buildActionMask = 2147483647;
			files = (
			);
			runOnlyForDeploymentPostprocessing = 0;
		};
		3CDA52F12CF8EDC3009CAB20 /* Resources */ = {
			isa = PBXResourcesBuildPhase;
			buildActionMask = 2147483647;
			files = (
			);
			runOnlyForDeploymentPostprocessing = 0;
		};
		3CDA53032CF8EDC4009CAB20 /* Resources */ = {
			isa = PBXResourcesBuildPhase;
			buildActionMask = 2147483647;
			files = (
			);
			runOnlyForDeploymentPostprocessing = 0;
		};
		3CDA530D2CF8EDC4009CAB20 /* Resources */ = {
			isa = PBXResourcesBuildPhase;
			buildActionMask = 2147483647;
			files = (
			);
			runOnlyForDeploymentPostprocessing = 0;
		};
/* End PBXResourcesBuildPhase section */

/* Begin PBXSourcesBuildPhase section */
		3CDA52EF2CF8EDC3009CAB20 /* Sources */ = {
			isa = PBXSourcesBuildPhase;
			buildActionMask = 2147483647;
			files = (
			);
			runOnlyForDeploymentPostprocessing = 0;
		};
		3CDA53012CF8EDC4009CAB20 /* Sources */ = {
			isa = PBXSourcesBuildPhase;
			buildActionMask = 2147483647;
			files = (
			);
			runOnlyForDeploymentPostprocessing = 0;
		};
		3CDA530B2CF8EDC4009CAB20 /* Sources */ = {
			isa = PBXSourcesBuildPhase;
			buildActionMask = 2147483647;
			files = (
			);
			runOnlyForDeploymentPostprocessing = 0;
		};
/* End PBXSourcesBuildPhase section */

/* Begin PBXTargetDependency section */
		3CDA52F62CF8EDC3009CAB20 /* PBXTargetDependency */ = {
			isa = PBXTargetDependency;
			target = 3CDA52F22CF8EDC3009CAB20 /* SpeedSense Watch App */;
			targetProxy = 3CDA52F52CF8EDC3009CAB20 /* PBXContainerItemProxy */;
		};
		3CDA53072CF8EDC4009CAB20 /* PBXTargetDependency */ = {
			isa = PBXTargetDependency;
			target = 3CDA52F22CF8EDC3009CAB20 /* SpeedSense Watch App */;
			targetProxy = 3CDA53062CF8EDC4009CAB20 /* PBXContainerItemProxy */;
		};
		3CDA53112CF8EDC4009CAB20 /* PBXTargetDependency */ = {
			isa = PBXTargetDependency;
			target = 3CDA52F22CF8EDC3009CAB20 /* SpeedSense Watch App */;
			targetProxy = 3CDA53102CF8EDC4009CAB20 /* PBXContainerItemProxy */;
		};
/* End PBXTargetDependency section */

/* Begin XCBuildConfiguration section */
		3CDA53172CF8EDC4009CAB20 /* Debug */ = {
			isa = XCBuildConfiguration;
			buildSettings = {
				ALWAYS_SEARCH_USER_PATHS = NO;
				ASSETCATALOG_COMPILER_GENERATE_SWIFT_ASSET_SYMBOL_EXTENSIONS = YES;
				CLANG_ANALYZER_NONNULL = YES;
				CLANG_ANALYZER_NUMBER_OBJECT_CONVERSION = YES_AGGRESSIVE;
				CLANG_CXX_LANGUAGE_STANDARD = "gnu++20";
				CLANG_ENABLE_MODULES = YES;
				CLANG_ENABLE_OBJC_ARC = YES;
				CLANG_ENABLE_OBJC_WEAK = YES;
				CLANG_WARN_BLOCK_CAPTURE_AUTORELEASING = YES;
				CLANG_WARN_BOOL_CONVERSION = YES;
				CLANG_WARN_COMMA = YES;
				CLANG_WARN_CONSTANT_CONVERSION = YES;
				CLANG_WARN_DEPRECATED_OBJC_IMPLEMENTATIONS = YES;
				CLANG_WARN_DIRECT_OBJC_ISA_USAGE = YES_ERROR;
				CLANG_WARN_DOCUMENTATION_COMMENTS = YES;
				CLANG_WARN_EMPTY_BODY = YES;
				CLANG_WARN_ENUM_CONVERSION = YES;
				CLANG_WARN_INFINITE_RECURSION = YES;
				CLANG_WARN_INT_CONVERSION = YES;
				CLANG_WARN_NON_LITERAL_NULL_CONVERSION = YES;
				CLANG_WARN_OBJC_IMPLICIT_RETAIN_SELF = YES;
				CLANG_WARN_OBJC_LITERAL_CONVERSION = YES;
				CLANG_WARN_OBJC_ROOT_CLASS = YES_ERROR;
				CLANG_WARN_QUOTED_INCLUDE_IN_FRAMEWORK_HEADER = YES;
				CLANG_WARN_RANGE_LOOP_ANALYSIS = YES;
				CLANG_WARN_STRICT_PROTOTYPES = YES;
				CLANG_WARN_SUSPICIOUS_MOVE = YES;
				CLANG_WARN_UNGUARDED_AVAILABILITY = YES_AGGRESSIVE;
				CLANG_WARN_UNREACHABLE_CODE = YES;
				CLANG_WARN__DUPLICATE_METHOD_MATCH = YES;
				COPY_PHASE_STRIP = NO;
				DEBUG_INFORMATION_FORMAT = dwarf;
				ENABLE_STRICT_OBJC_MSGSEND = YES;
				ENABLE_TESTABILITY = YES;
				ENABLE_USER_SCRIPT_SANDBOXING = YES;
				GCC_C_LANGUAGE_STANDARD = gnu17;
				GCC_DYNAMIC_NO_PIC = NO;
				GCC_NO_COMMON_BLOCKS = YES;
				GCC_OPTIMIZATION_LEVEL = 0;
				GCC_PREPROCESSOR_DEFINITIONS = (
					"DEBUG=1",
					"$(inherited)",
				);
				GCC_WARN_64_TO_32_BIT_CONVERSION = YES;
				GCC_WARN_ABOUT_RETURN_TYPE = YES_ERROR;
				GCC_WARN_UNDECLARED_SELECTOR = YES;
				GCC_WARN_UNINITIALIZED_AUTOS = YES_AGGRESSIVE;
				GCC_WARN_UNUSED_FUNCTION = YES;
				GCC_WARN_UNUSED_VARIABLE = YES;
				LOCALIZATION_PREFERS_STRING_CATALOGS = YES;
				MTL_ENABLE_DEBUG_INFO = INCLUDE_SOURCE;
				MTL_FAST_MATH = YES;
				ONLY_ACTIVE_ARCH = YES;
				SWIFT_ACTIVE_COMPILATION_CONDITIONS = "DEBUG $(inherited)";
				SWIFT_OPTIMIZATION_LEVEL = "-Onone";
			};
			name = Debug;
		};
		3CDA53182CF8EDC4009CAB20 /* Release */ = {
			isa = XCBuildConfiguration;
			buildSettings = {
				ALWAYS_SEARCH_USER_PATHS = NO;
				ASSETCATALOG_COMPILER_GENERATE_SWIFT_ASSET_SYMBOL_EXTENSIONS = YES;
				CLANG_ANALYZER_NONNULL = YES;
				CLANG_ANALYZER_NUMBER_OBJECT_CONVERSION = YES_AGGRESSIVE;
				CLANG_CXX_LANGUAGE_STANDARD = "gnu++20";
				CLANG_ENABLE_MODULES = YES;
				CLANG_ENABLE_OBJC_ARC = YES;
				CLANG_ENABLE_OBJC_WEAK = YES;
				CLANG_WARN_BLOCK_CAPTURE_AUTORELEASING = YES;
				CLANG_WARN_BOOL_CONVERSION = YES;
				CLANG_WARN_COMMA = YES;
				CLANG_WARN_CONSTANT_CONVERSION = YES;
				CLANG_WARN_DEPRECATED_OBJC_IMPLEMENTATIONS = YES;
				CLANG_WARN_DIRECT_OBJC_ISA_USAGE = YES_ERROR;
				CLANG_WARN_DOCUMENTATION_COMMENTS = YES;
				CLANG_WARN_EMPTY_BODY = YES;
				CLANG_WARN_ENUM_CONVERSION = YES;
				CLANG_WARN_INFINITE_RECURSION = YES;
				CLANG_WARN_INT_CONVERSION = YES;
				CLANG_WARN_NON_LITERAL_NULL_CONVERSION = YES;
				CLANG_WARN_OBJC_IMPLICIT_RETAIN_SELF = YES;
				CLANG_WARN_OBJC_LITERAL_CONVERSION = YES;
				CLANG_WARN_OBJC_ROOT_CLASS = YES_ERROR;
				CLANG_WARN_QUOTED_INCLUDE_IN_FRAMEWORK_HEADER = YES;
				CLANG_WARN_RANGE_LOOP_ANALYSIS = YES;
				CLANG_WARN_STRICT_PROTOTYPES = YES;
				CLANG_WARN_SUSPICIOUS_MOVE = YES;
				CLANG_WARN_UNGUARDED_AVAILABILITY = YES_AGGRESSIVE;
				CLANG_WARN_UNREACHABLE_CODE = YES;
				CLANG_WARN__DUPLICATE_METHOD_MATCH = YES;
				COPY_PHASE_STRIP = NO;
				DEBUG_INFORMATION_FORMAT = "dwarf-with-dsym";
				ENABLE_NS_ASSERTIONS = NO;
				ENABLE_STRICT_OBJC_MSGSEND = YES;
				ENABLE_USER_SCRIPT_SANDBOXING = YES;
				GCC_C_LANGUAGE_STANDARD = gnu17;
				GCC_NO_COMMON_BLOCKS = YES;
				GCC_WARN_64_TO_32_BIT_CONVERSION = YES;
				GCC_WARN_ABOUT_RETURN_TYPE = YES_ERROR;
				GCC_WARN_UNDECLARED_SELECTOR = YES;
				GCC_WARN_UNINITIALIZED_AUTOS = YES_AGGRESSIVE;
				GCC_WARN_UNUSED_FUNCTION = YES;
				GCC_WARN_UNUSED_VARIABLE = YES;
				LOCALIZATION_PREFERS_STRING_CATALOGS = YES;
				MTL_ENABLE_DEBUG_INFO = NO;
				MTL_FAST_MATH = YES;
				SWIFT_COMPILATION_MODE = wholemodule;
			};
			name = Release;
		};
		3CDA531A2CF8EDC4009CAB20 /* Debug */ = {
			isa = XCBuildConfiguration;
			buildSettings = {
				ASSETCATALOG_COMPILER_APPICON_NAME = AppIcon;
				ASSETCATALOG_COMPILER_GLOBAL_ACCENT_COLOR_NAME = AccentColor;
				CODE_SIGN_STYLE = Automatic;
				CURRENT_PROJECT_VERSION = 1;
				DEVELOPMENT_ASSET_PATHS = "\"SpeedSense Watch App/Preview Content\"";
				DEVELOPMENT_TEAM = 49MF28MPXD;
				ENABLE_PREVIEWS = YES;
				GENERATE_INFOPLIST_FILE = YES;
				INFOPLIST_KEY_CFBundleDisplayName = SpeedSense;
				INFOPLIST_KEY_UISupportedInterfaceOrientations = "UIInterfaceOrientationPortrait UIInterfaceOrientationPortraitUpsideDown";
				INFOPLIST_KEY_WKWatchOnly = YES;
				LD_RUNPATH_SEARCH_PATHS = (
					"$(inherited)",
					"@executable_path/Frameworks",
				);
				MARKETING_VERSION = 1.0;
				PRODUCT_BUNDLE_IDENTIFIER = Spot.SpeedSense.watchkitapp;
				PRODUCT_NAME = "$(TARGET_NAME)";
				SDKROOT = watchos;
				SKIP_INSTALL = YES;
				SWIFT_EMIT_LOC_STRINGS = YES;
				SWIFT_VERSION = 5.0;
				TARGETED_DEVICE_FAMILY = 4;
				WATCHOS_DEPLOYMENT_TARGET = 11.1;
			};
			name = Debug;
		};
		3CDA531B2CF8EDC4009CAB20 /* Release */ = {
			isa = XCBuildConfiguration;
			buildSettings = {
				ASSETCATALOG_COMPILER_APPICON_NAME = AppIcon;
				ASSETCATALOG_COMPILER_GLOBAL_ACCENT_COLOR_NAME = AccentColor;
				CODE_SIGN_STYLE = Automatic;
				CURRENT_PROJECT_VERSION = 1;
				DEVELOPMENT_ASSET_PATHS = "\"SpeedSense Watch App/Preview Content\"";
				DEVELOPMENT_TEAM = 49MF28MPXD;
				ENABLE_PREVIEWS = YES;
				GENERATE_INFOPLIST_FILE = YES;
				INFOPLIST_KEY_CFBundleDisplayName = SpeedSense;
				INFOPLIST_KEY_UISupportedInterfaceOrientations = "UIInterfaceOrientationPortrait UIInterfaceOrientationPortraitUpsideDown";
				INFOPLIST_KEY_WKWatchOnly = YES;
				LD_RUNPATH_SEARCH_PATHS = (
					"$(inherited)",
					"@executable_path/Frameworks",
				);
				MARKETING_VERSION = 1.0;
				PRODUCT_BUNDLE_IDENTIFIER = Spot.SpeedSense.watchkitapp;
				PRODUCT_NAME = "$(TARGET_NAME)";
				SDKROOT = watchos;
				SKIP_INSTALL = YES;
				SWIFT_EMIT_LOC_STRINGS = YES;
				SWIFT_VERSION = 5.0;
				TARGETED_DEVICE_FAMILY = 4;
				VALIDATE_PRODUCT = YES;
				WATCHOS_DEPLOYMENT_TARGET = 11.1;
			};
			name = Release;
		};
		3CDA531E2CF8EDC4009CAB20 /* Debug */ = {
			isa = XCBuildConfiguration;
			buildSettings = {
				CODE_SIGN_STYLE = Automatic;
				CURRENT_PROJECT_VERSION = 1;
				DEVELOPMENT_TEAM = 49MF28MPXD;
				INFOPLIST_KEY_CFBundleDisplayName = SpeedSense;
				MARKETING_VERSION = 1.0;
				PRODUCT_BUNDLE_IDENTIFIER = Spot.SpeedSense;
				PRODUCT_NAME = "$(TARGET_NAME)";
				SDKROOT = iphoneos;
				SWIFT_VERSION = 5.0;
			};
			name = Debug;
		};
		3CDA531F2CF8EDC4009CAB20 /* Release */ = {
			isa = XCBuildConfiguration;
			buildSettings = {
				CODE_SIGN_STYLE = Automatic;
				CURRENT_PROJECT_VERSION = 1;
				DEVELOPMENT_TEAM = 49MF28MPXD;
				INFOPLIST_KEY_CFBundleDisplayName = SpeedSense;
				MARKETING_VERSION = 1.0;
				PRODUCT_BUNDLE_IDENTIFIER = Spot.SpeedSense;
				PRODUCT_NAME = "$(TARGET_NAME)";
				SDKROOT = iphoneos;
				SWIFT_VERSION = 5.0;
				VALIDATE_PRODUCT = YES;
			};
			name = Release;
		};
		3CDA53212CF8EDC4009CAB20 /* Debug */ = {
			isa = XCBuildConfiguration;
			buildSettings = {
				BUNDLE_LOADER = "$(TEST_HOST)";
				CODE_SIGN_STYLE = Automatic;
				CURRENT_PROJECT_VERSION = 1;
				DEVELOPMENT_TEAM = 49MF28MPXD;
				GENERATE_INFOPLIST_FILE = YES;
				MARKETING_VERSION = 1.0;
				PRODUCT_BUNDLE_IDENTIFIER = "Spot.SpeedSense-Watch-AppTests";
				PRODUCT_NAME = "$(TARGET_NAME)";
				SDKROOT = watchos;
				SWIFT_EMIT_LOC_STRINGS = NO;
				SWIFT_VERSION = 5.0;
				TARGETED_DEVICE_FAMILY = 4;
				TEST_HOST = "$(BUILT_PRODUCTS_DIR)/SpeedSense Watch App.app/$(BUNDLE_EXECUTABLE_FOLDER_PATH)/SpeedSense Watch App";
				WATCHOS_DEPLOYMENT_TARGET = 11.1;
			};
			name = Debug;
		};
		3CDA53222CF8EDC4009CAB20 /* Release */ = {
			isa = XCBuildConfiguration;
			buildSettings = {
				BUNDLE_LOADER = "$(TEST_HOST)";
				CODE_SIGN_STYLE = Automatic;
				CURRENT_PROJECT_VERSION = 1;
				DEVELOPMENT_TEAM = 49MF28MPXD;
				GENERATE_INFOPLIST_FILE = YES;
				MARKETING_VERSION = 1.0;
				PRODUCT_BUNDLE_IDENTIFIER = "Spot.SpeedSense-Watch-AppTests";
				PRODUCT_NAME = "$(TARGET_NAME)";
				SDKROOT = watchos;
				SWIFT_EMIT_LOC_STRINGS = NO;
				SWIFT_VERSION = 5.0;
				TARGETED_DEVICE_FAMILY = 4;
				TEST_HOST = "$(BUILT_PRODUCTS_DIR)/SpeedSense Watch App.app/$(BUNDLE_EXECUTABLE_FOLDER_PATH)/SpeedSense Watch App";
				VALIDATE_PRODUCT = YES;
				WATCHOS_DEPLOYMENT_TARGET = 11.1;
			};
			name = Release;
		};
		3CDA53242CF8EDC4009CAB20 /* Debug */ = {
			isa = XCBuildConfiguration;
			buildSettings = {
				CODE_SIGN_STYLE = Automatic;
				CURRENT_PROJECT_VERSION = 1;
				DEVELOPMENT_TEAM = 49MF28MPXD;
				GENERATE_INFOPLIST_FILE = YES;
				MARKETING_VERSION = 1.0;
				PRODUCT_BUNDLE_IDENTIFIER = "Spot.SpeedSense-Watch-AppUITests";
				PRODUCT_NAME = "$(TARGET_NAME)";
				SDKROOT = watchos;
				SWIFT_EMIT_LOC_STRINGS = NO;
				SWIFT_VERSION = 5.0;
				TARGETED_DEVICE_FAMILY = 4;
				TEST_TARGET_NAME = "SpeedSense Watch App";
				WATCHOS_DEPLOYMENT_TARGET = 11.1;
			};
			name = Debug;
		};
		3CDA53252CF8EDC4009CAB20 /* Release */ = {
			isa = XCBuildConfiguration;
			buildSettings = {
				CODE_SIGN_STYLE = Automatic;
				CURRENT_PROJECT_VERSION = 1;
				DEVELOPMENT_TEAM = 49MF28MPXD;
				GENERATE_INFOPLIST_FILE = YES;
				MARKETING_VERSION = 1.0;
				PRODUCT_BUNDLE_IDENTIFIER = "Spot.SpeedSense-Watch-AppUITests";
				PRODUCT_NAME = "$(TARGET_NAME)";
				SDKROOT = watchos;
				SWIFT_EMIT_LOC_STRINGS = NO;
				SWIFT_VERSION = 5.0;
				TARGETED_DEVICE_FAMILY = 4;
				TEST_TARGET_NAME = "SpeedSense Watch App";
				VALIDATE_PRODUCT = YES;
				WATCHOS_DEPLOYMENT_TARGET = 11.1;
			};
			name = Release;
		};
/* End XCBuildConfiguration section */

/* Begin XCConfigurationList section */
		3CDA52EA2CF8EDC3009CAB20 /* Build configuration list for PBXProject "SpeedSense" */ = {
			isa = XCConfigurationList;
			buildConfigurations = (
				3CDA53172CF8EDC4009CAB20 /* Debug */,
				3CDA53182CF8EDC4009CAB20 /* Release */,
			);
			defaultConfigurationIsVisible = 0;
			defaultConfigurationName = Release;
		};
		3CDA53192CF8EDC4009CAB20 /* Build configuration list for PBXNativeTarget "SpeedSense Watch App" */ = {
			isa = XCConfigurationList;
			buildConfigurations = (
				3CDA531A2CF8EDC4009CAB20 /* Debug */,
				3CDA531B2CF8EDC4009CAB20 /* Release */,
			);
			defaultConfigurationIsVisible = 0;
			defaultConfigurationName = Release;
		};
		3CDA531D2CF8EDC4009CAB20 /* Build configuration list for PBXNativeTarget "SpeedSense" */ = {
			isa = XCConfigurationList;
			buildConfigurations = (
				3CDA531E2CF8EDC4009CAB20 /* Debug */,
				3CDA531F2CF8EDC4009CAB20 /* Release */,
			);
			defaultConfigurationIsVisible = 0;
			defaultConfigurationName = Release;
		};
		3CDA53202CF8EDC4009CAB20 /* Build configuration list for PBXNativeTarget "SpeedSense Watch AppTests" */ = {
			isa = XCConfigurationList;
			buildConfigurations = (
				3CDA53212CF8EDC4009CAB20 /* Debug */,
				3CDA53222CF8EDC4009CAB20 /* Release */,
			);
			defaultConfigurationIsVisible = 0;
			defaultConfigurationName = Release;
		};
		3CDA53232CF8EDC4009CAB20 /* Build configuration list for PBXNativeTarget "SpeedSense Watch AppUITests" */ = {
			isa = XCConfigurationList;
			buildConfigurations = (
				3CDA53242CF8EDC4009CAB20 /* Debug */,
				3CDA53252CF8EDC4009CAB20 /* Release */,
			);
			defaultConfigurationIsVisible = 0;
			defaultConfigurationName = Release;
		};
/* End XCConfigurationList section */
	};
	rootObject = 3CDA52E72CF8EDC3009CAB20 /* Project object */;
}
